<?xml version="1.0" encoding="utf-8"?>
<Project ToolsVersion="4.0" xmlns="http://schemas.microsoft.com/developer/msbuild/2003">
  <ItemGroup>
    <Filter Include="Source Files">
      <UniqueIdentifier>{4FC737F1-C7A5-4376-A066-2A32D752A2FF}</UniqueIdentifier>
      <Extensions>cpp;c;cc;cxx;def;odl;idl;hpj;bat;asm;asmx</Extensions>
    </Filter>
    <Filter Include="Source Files\vst2.x">
      <UniqueIdentifier>{c5128313-ea8b-4785-bff4-13610ef917ab}</UniqueIdentifier>
    </Filter>
    <Filter Include="Interfaces">
      <UniqueIdentifier>{38fc4734-983c-45a9-bb61-7a3d1c21cd4d}</UniqueIdentifier>
    </Filter>
    <Filter Include="Source Files\editor">
      <UniqueIdentifier>{e4e6ccec-ffad-43b1-bed5-8feec27a05a9}</UniqueIdentifier>
    </Filter>
    <Filter Include="Source Files\vstgui">
      <UniqueIdentifier>{c0d544b9-2cc9-4f9f-99e7-112b1589fa4c}</UniqueIdentifier>
    </Filter>
    <Filter Include="Source Files\editor\resources">
      <UniqueIdentifier>{d283f4bd-105a-4b05-a3a5-7fc5885cbfb3}</UniqueIdentifier>
    </Filter>
  </ItemGroup>
  <ItemGroup>
    <ClCompile Include="aguitar.cpp">
      <Filter>Source Files</Filter>
    </ClCompile>
    <ClCompile Include="aguitarmain.cpp">
      <Filter>Source Files</Filter>
    </ClCompile>
    <ClCompile Include="..\..\public.sdk\source\vst2.x\audioeffect.cpp">
      <Filter>Source Files\vst2.x</Filter>
    </ClCompile>
    <ClCompile Include="..\..\public.sdk\source\vst2.x\audioeffectx.cpp">
      <Filter>Source Files\vst2.x</Filter>
    </ClCompile>
    <ClCompile Include="..\..\public.sdk\source\vst2.x\vstplugmain.cpp">
      <Filter>Source Files\vst2.x</Filter>
    </ClCompile>
    <ClCompile Include="Filter.cpp">
      <Filter>Source Files</Filter>
    </ClCompile>
    <ClCompile Include="Limiter.cpp">
      <Filter>Source Files</Filter>
    </ClCompile>
    <ClCompile Include="Phaser.cpp">
      <Filter>Source Files</Filter>
    </ClCompile>
    <ClCompile Include="Chorus.cpp">
      <Filter>Source Files</Filter>
    </ClCompile>
    <ClCompile Include="..\..\vstgui.sf\vstgui\aeffguieditor.cpp">
      <Filter>Source Files\vstgui</Filter>
    </ClCompile>
    <ClCompile Include="..\..\vstgui.sf\vstgui\vstcontrols.cpp">
      <Filter>Source Files\vstgui</Filter>
    </ClCompile>
    <ClCompile Include="..\..\vstgui.sf\vstgui\vstgui.cpp">
      <Filter>Source Files\vstgui</Filter>
    </ClCompile>
    <ClCompile Include="editor\sdeditor.cpp">
      <Filter>Source Files\editor</Filter>
    </ClCompile>
    <ClCompile Include="CurveApprox.cpp">
      <Filter>Source Files</Filter>
    </ClCompile>
  </ItemGroup>
  <ItemGroup>
    <ClInclude Include="aguitar.h">
      <Filter>Source Files</Filter>
    </ClInclude>
    <ClInclude Include="..\..\..\..\pluginterfaces\vst2.x\aeffect.h">
      <Filter>Interfaces</Filter>
    </ClInclude>
    <ClInclude Include="..\..\..\..\pluginterfaces\vst2.x\aeffectx.h">
      <Filter>Interfaces</Filter>
    </ClInclude>
    <ClInclude Include="..\..\..\..\pluginterfaces\vst2.x\vstfxstore.h">
      <Filter>Interfaces</Filter>
    </ClInclude>
    <ClInclude Include="..\..\public.sdk\source\vst2.x\aeffeditor.h">
      <Filter>Source Files\vst2.x</Filter>
    </ClInclude>
    <ClInclude Include="..\..\public.sdk\source\vst2.x\audioeffect.h">
      <Filter>Source Files\vst2.x</Filter>
    </ClInclude>
    <ClInclude Include="..\..\public.sdk\source\vst2.x\audioeffectx.h">
      <Filter>Source Files\vst2.x</Filter>
    </ClInclude>
    <ClInclude Include="Filter.h">
      <Filter>Source Files</Filter>
    </ClInclude>
    <ClInclude Include="..\..\vstgui.sf\vstgui\aeffguieditor.h">
      <Filter>Source Files\vstgui</Filter>
    </ClInclude>
    <ClInclude Include="..\..\vstgui.sf\vstgui\vstcontrols.h">
      <Filter>Source Files\vstgui</Filter>
    </ClInclude>
    <ClInclude Include="..\..\vstgui.sf\vstgui\vstgui.h">
      <Filter>Source Files\vstgui</Filter>
    </ClInclude>
    <ClInclude Include="editor\sdeditor.h">
      <Filter>Source Files\editor</Filter>
    </ClInclude>
    <ClInclude Include="CurveApprox.h">
      <Filter>Source Files</Filter>
    </ClInclude>
  </ItemGroup>
  <ItemGroup>
    <Image Include="editor\resources\bmp00128.bmp">
      <Filter>Source Files\editor\resources</Filter>
    </Image>
    <Image Include="editor\resources\bmp00129.bmp">
      <Filter>Source Files\editor\resources</Filter>
    </Image>
    <Image Include="editor\resources\bmp00130.bmp">
      <Filter>Source Files\editor\resources</Filter>
    </Image>
  </ItemGroup>
  <ItemGroup>
    <ResourceCompile Include="editor\resources\surrounddelay.rc">
      <Filter>Source Files\editor\resources</Filter>
    </ResourceCompile>
  </ItemGroup>
</Project>