
Microsoft Visual Studio Solution File, Format Version 12.00
# Visual Studio 2012
Project("{8BC9CEB8-8B4A-11D0-8D11-00A0C91BC942}") = "aphaser", "aphaser.vcxproj", "{A976D176-862A-4986-A1B1-69F12EDB2DEB}"
EndProject
Global
	GlobalSection(SolutionConfigurationPlatforms) = preSolution
		Debug|Win32 = Debug|Win32
		Release|Win32 = Release|Win32
	EndGlobalSection
	GlobalSection(ProjectConfigurationPlatforms) = postSolution
		{A976D176-862A-4986-A1B1-69F12EDB2DEB}.Debug|Win32.ActiveCfg = Debug|Win32
		{A976D176-862A-4986-A1B1-69F12EDB2DEB}.Debug|Win32.Build.0 = Debug|Win32
		{A976D176-862A-4986-A1B1-69F12EDB2DEB}.Release|Win32.ActiveCfg = Release|Win32
		{A976D176-862A-4986-A1B1-69F12EDB2DEB}.Release|Win32.Build.0 = Release|Win32
	EndGlobalSection
	GlobalSection(SolutionProperties) = preSolution
		HideSolutionNode = FALSE
	EndGlobalSection
EndGlobal
