<?xml version="1.0" encoding="utf-8"?>
<Project ToolsVersion="4.0" xmlns="http://schemas.microsoft.com/developer/msbuild/2003">
  <ItemGroup>
    <Filter Include="Source Files">
      <UniqueIdentifier>{4FC737F1-C7A5-4376-A066-2A32D752A2FF}</UniqueIdentifier>
      <Extensions>cpp;c;cc;cxx;def;odl;idl;hpj;bat;asm;asmx</Extensions>
    </Filter>
    <Filter Include="Source Files\vst2.x">
      <UniqueIdentifier>{abacec4b-bc31-44e0-a012-c4def1e4276a}</UniqueIdentifier>
    </Filter>
    <Filter Include="Source Files\vstgui">
      <UniqueIdentifier>{929317b5-07b9-4a4a-8805-1ed232cad386}</UniqueIdentifier>
    </Filter>
    <Filter Include="Source Files\editor">
      <UniqueIdentifier>{2d73b7e2-0ac6-4de3-9f42-2ee8d15bb405}</UniqueIdentifier>
    </Filter>
    <Filter Include="Interfaces">
      <UniqueIdentifier>{d34ad1f0-b921-4da1-be5b-1fb37c3ef34c}</UniqueIdentifier>
    </Filter>
  </ItemGroup>
  <ItemGroup>
    <ClCompile Include="aflange.cpp">
      <Filter>Source Files</Filter>
    </ClCompile>
    <ClCompile Include="aflangemain.cpp">
      <Filter>Source Files</Filter>
    </ClCompile>
    <ClCompile Include="editor\sdeditor.cpp">
      <Filter>Source Files\editor</Filter>
    </ClCompile>
    <ClCompile Include="..\vstsdk2.4\public.sdk\source\vst2.x\audioeffect.cpp">
      <Filter>Source Files\vst2.x</Filter>
    </ClCompile>
    <ClCompile Include="..\vstsdk2.4\public.sdk\source\vst2.x\audioeffectx.cpp">
      <Filter>Source Files\vst2.x</Filter>
    </ClCompile>
    <ClCompile Include="..\vstsdk2.4\public.sdk\source\vst2.x\vstplugmain.cpp">
      <Filter>Source Files\vst2.x</Filter>
    </ClCompile>
    <ClCompile Include="..\vstsdk2.4\vstgui.sf\vstgui\aeffguieditor.cpp">
      <Filter>Source Files\vstgui</Filter>
    </ClCompile>
    <ClCompile Include="..\vstsdk2.4\vstgui.sf\vstgui\vstcontrols.cpp">
      <Filter>Source Files\vstgui</Filter>
    </ClCompile>
    <ClCompile Include="..\vstsdk2.4\vstgui.sf\vstgui\vstgui.cpp">
      <Filter>Source Files\vstgui</Filter>
    </ClCompile>
    <ClCompile Include="filter.cpp">
      <Filter>Source Files</Filter>
    </ClCompile>
  </ItemGroup>
  <ItemGroup>
    <ClInclude Include="aflange.h">
      <Filter>Source Files</Filter>
    </ClInclude>
    <ClInclude Include="editor\sdeditor.h">
      <Filter>Source Files\editor</Filter>
    </ClInclude>
    <ClInclude Include="..\..\..\..\pluginterfaces\vst2.x\aeffect.h">
      <Filter>Interfaces</Filter>
    </ClInclude>
    <ClInclude Include="..\..\..\..\pluginterfaces\vst2.x\aeffectx.h">
      <Filter>Interfaces</Filter>
    </ClInclude>
    <ClInclude Include="..\..\..\..\pluginterfaces\vst2.x\vstfxstore.h">
      <Filter>Interfaces</Filter>
    </ClInclude>
    <ClInclude Include="..\vstsdk2.4\public.sdk\source\vst2.x\aeffeditor.h">
      <Filter>Source Files\vst2.x</Filter>
    </ClInclude>
    <ClInclude Include="..\vstsdk2.4\public.sdk\source\vst2.x\audioeffect.h">
      <Filter>Source Files\vst2.x</Filter>
    </ClInclude>
    <ClInclude Include="..\vstsdk2.4\public.sdk\source\vst2.x\audioeffectx.h">
      <Filter>Source Files\vst2.x</Filter>
    </ClInclude>
    <ClInclude Include="..\vstsdk2.4\vstgui.sf\vstgui\aeffguieditor.h">
      <Filter>Source Files\vstgui</Filter>
    </ClInclude>
    <ClInclude Include="..\vstsdk2.4\vstgui.sf\vstgui\vstcontrols.h">
      <Filter>Source Files\vstgui</Filter>
    </ClInclude>
    <ClInclude Include="..\vstsdk2.4\vstgui.sf\vstgui\vstgui.h">
      <Filter>Source Files\vstgui</Filter>
    </ClInclude>
  </ItemGroup>
  <ItemGroup>
    <ResourceCompile Include="editor\resources\surrounddelay.rc">
      <Filter>Source Files\editor</Filter>
    </ResourceCompile>
  </ItemGroup>
</Project>